// !$*UTF8*$!
{
	archiveVersion = 1;
	classes = {
	};
	objectVersion = 77;
	objects = {

/* Begin PBXBuildFile section */
		04B9FCAB122DDAF33DA3E148 /* AppSettings.swift in Sources */ = {isa = PBXBuildFile; fileRef = 2D6302533C79461DD1CBA89B /* AppSettings.swift */; };
		057BBDA337F738B109F4DAA1 /* HotkeyManager.swift in Sources */ = {isa = PBXBuildFile; fileRef = 41AD727FBC2D14BC81C54854 /* HotkeyManager.swift */; };
		0F7E664CF857C706119153BA /* LayoutFixerApp.swift in Sources */ = {isa = PBXBuildFile; fileRef = 920EF1C86216D2FB00A0E57E /* LayoutFixerApp.swift */; };
		17112D313DFED7F0947313D8 /* AXPermissionManager.swift in Sources */ = {isa = PBXBuildFile; fileRef = E7C759F5F89D68049AEF7E34 /* AXPermissionManager.swift */; };
		2434C3101985E2045AC03FAE /* Assets.xcassets in Resources */ = {isa = PBXBuildFile; fileRef = 3F0D40BF3F43D57926A7446A /* Assets.xcassets */; };
		40F2698E91A2C23729E597B7 /* FixOrchestrator.swift in Sources */ = {isa = PBXBuildFile; fileRef = 466F4B2CA5594A42674E7B52 /* FixOrchestrator.swift */; };
		4A32B4DEECAF7A7B35EA219F /* LoginItemManager.swift in Sources */ = {isa = PBXBuildFile; fileRef = 009E789DA0CC7ECA8069A5B7 /* LoginItemManager.swift */; };
		5A5E3E0DC77AF08D7535E5C6 /* HotkeyDefinition.swift in Sources */ = {isa = PBXBuildFile; fileRef = 7751818FB1FDFE43E8F748EC /* HotkeyDefinition.swift */; };
		5D70401A20D8B73289DB6049 /* AppDelegate.swift in Sources */ = {isa = PBXBuildFile; fileRef = E90BA3406AC9B677B93A4766 /* AppDelegate.swift */; };
		5D962F839DBD7E8782677866 /* HotkeyDefinition.swift in Sources */ = {isa = PBXBuildFile; fileRef = 7751818FB1FDFE43E8F748EC /* HotkeyDefinition.swift */; };
		5DF5DDA5F2CB49739ACD89F0 /* ClipboardManager.swift in Sources */ = {isa = PBXBuildFile; fileRef = 2A4DEA36631D5F265C46F4E0 /* ClipboardManager.swift */; };
		5E3358C78A388E0C025C5932 /* LayoutConverterTests.swift in Sources */ = {isa = PBXBuildFile; fileRef = 5492F0B306F6B43E82B1E521 /* LayoutConverterTests.swift */; };
		60F1060278C363B63E61EAEA /* StatusIconAnimator.swift in Sources */ = {isa = PBXBuildFile; fileRef = 18DA5476EB231FB21C6997D5 /* StatusIconAnimator.swift */; };
		6AADDD62DBAB84AD6111A9E3 /* HotkeyDefinitionTests.swift in Sources */ = {isa = PBXBuildFile; fileRef = 49682B2DC60CE250B21DFD5B /* HotkeyDefinitionTests.swift */; };
		6BE4E05CC5D08BBB661D79E1 /* LayoutMapping.swift in Sources */ = {isa = PBXBuildFile; fileRef = 378AE4784D2CFA3B5E212876 /* LayoutMapping.swift */; };
		8C105E76E6CD0624D2F35D1B /* DirectionDetector.swift in Sources */ = {isa = PBXBuildFile; fileRef = 2EE1DCD6716015B73C03DC4A /* DirectionDetector.swift */; };
		8C644036F266CF6A79BBE7DF /* DirectionDetector.swift in Sources */ = {isa = PBXBuildFile; fileRef = 2EE1DCD6716015B73C03DC4A /* DirectionDetector.swift */; };
		90B59C3D26FFA29076F7C093 /* LayoutMapping.swift in Sources */ = {isa = PBXBuildFile; fileRef = 378AE4784D2CFA3B5E212876 /* LayoutMapping.swift */; };
		98875F4FF6BCB2C6D946A30F /* AXTextWriter.swift in Sources */ = {isa = PBXBuildFile; fileRef = 8CD5CAFD282B4D50F51DBCDD /* AXTextWriter.swift */; };
		A52E59ABC3D5A8D896268981 /* SettingsView.swift in Sources */ = {isa = PBXBuildFile; fileRef = F9E2F4288A0BC13021B79F52 /* SettingsView.swift */; };
		A5C5E07FD4EA65496208A517 /* DirectionDetectorTests.swift in Sources */ = {isa = PBXBuildFile; fileRef = CC3F18C84E3AE1496A90B7A5 /* DirectionDetectorTests.swift */; };
		AFDD7FADC4295C43E1F4FF8B /* SoundPlayer.swift in Sources */ = {isa = PBXBuildFile; fileRef = B9C1E69B24F74B2AE953475F /* SoundPlayer.swift */; };
		B278541C3E4AD90130B9F69F /* MenubarManager.swift in Sources */ = {isa = PBXBuildFile; fileRef = 42B5B60177B7067F5D88B86D /* MenubarManager.swift */; };
		B4C5D283956BA0B4948B8E6B /* HotkeyRecorder.swift in Sources */ = {isa = PBXBuildFile; fileRef = FD38543F5EA00614507E4137 /* HotkeyRecorder.swift */; };
		B9411FA41DCB43DD8208A4A9 /* LayoutMappingTests.swift in Sources */ = {isa = PBXBuildFile; fileRef = 4815D00182447F2035A095B2 /* LayoutMappingTests.swift */; };
		BD04E29A8F139D62D634D105 /* LayoutConverter.swift in Sources */ = {isa = PBXBuildFile; fileRef = 75A8DB784D1FEF65002BCB6D /* LayoutConverter.swift */; };
		CFFD2E89E5440BF68A058688 /* LayoutConverter.swift in Sources */ = {isa = PBXBuildFile; fileRef = 75A8DB784D1FEF65002BCB6D /* LayoutConverter.swift */; };
		DB7A6DD9946DA5DBF4883E38 /* AXTextReader.swift in Sources */ = {isa = PBXBuildFile; fileRef = B4B4360952911A7437015EB8 /* AXTextReader.swift */; };
/* End PBXBuildFile section */

/* Begin PBXFileReference section */
		009E789DA0CC7ECA8069A5B7 /* LoginItemManager.swift */ = {isa = PBXFileReference; lastKnownFileType = sourcecode.swift; path = LoginItemManager.swift; sourceTree = "<group>"; };
		18DA5476EB231FB21C6997D5 /* StatusIconAnimator.swift */ = {isa = PBXFileReference; lastKnownFileType = sourcecode.swift; path = StatusIconAnimator.swift; sourceTree = "<group>"; };
		2A4DEA36631D5F265C46F4E0 /* ClipboardManager.swift */ = {isa = PBXFileReference; lastKnownFileType = sourcecode.swift; path = ClipboardManager.swift; sourceTree = "<group>"; };
		2D6302533C79461DD1CBA89B /* AppSettings.swift */ = {isa = PBXFileReference; lastKnownFileType = sourcecode.swift; path = AppSettings.swift; sourceTree = "<group>"; };
		2EE1DCD6716015B73C03DC4A /* DirectionDetector.swift */ = {isa = PBXFileReference; lastKnownFileType = sourcecode.swift; path = DirectionDetector.swift; sourceTree = "<group>"; };
		378AE4784D2CFA3B5E212876 /* LayoutMapping.swift */ = {isa = PBXFileReference; lastKnownFileType = sourcecode.swift; path = LayoutMapping.swift; sourceTree = "<group>"; };
		3F0D40BF3F43D57926A7446A /* Assets.xcassets */ = {isa = PBXFileReference; lastKnownFileType = folder.assetcatalog; path = Assets.xcassets; sourceTree = "<group>"; };
		41AD727FBC2D14BC81C54854 /* HotkeyManager.swift */ = {isa = PBXFileReference; lastKnownFileType = sourcecode.swift; path = HotkeyManager.swift; sourceTree = "<group>"; };
		42B5B60177B7067F5D88B86D /* MenubarManager.swift */ = {isa = PBXFileReference; lastKnownFileType = sourcecode.swift; path = MenubarManager.swift; sourceTree = "<group>"; };
		466F4B2CA5594A42674E7B52 /* FixOrchestrator.swift */ = {isa = PBXFileReference; lastKnownFileType = sourcecode.swift; path = FixOrchestrator.swift; sourceTree = "<group>"; };
		4815D00182447F2035A095B2 /* LayoutMappingTests.swift */ = {isa = PBXFileReference; lastKnownFileType = sourcecode.swift; path = LayoutMappingTests.swift; sourceTree = "<group>"; };
		49682B2DC60CE250B21DFD5B /* HotkeyDefinitionTests.swift */ = {isa = PBXFileReference; lastKnownFileType = sourcecode.swift; path = HotkeyDefinitionTests.swift; sourceTree = "<group>"; };
		5492F0B306F6B43E82B1E521 /* LayoutConverterTests.swift */ = {isa = PBXFileReference; lastKnownFileType = sourcecode.swift; path = LayoutConverterTests.swift; sourceTree = "<group>"; };
		75A8DB784D1FEF65002BCB6D /* LayoutConverter.swift */ = {isa = PBXFileReference; lastKnownFileType = sourcecode.swift; path = LayoutConverter.swift; sourceTree = "<group>"; };
		7751818FB1FDFE43E8F748EC /* HotkeyDefinition.swift */ = {isa = PBXFileReference; lastKnownFileType = sourcecode.swift; path = HotkeyDefinition.swift; sourceTree = "<group>"; };
		8820A4332ADA1291516455D9 /* LayoutFixer.app */ = {isa = PBXFileReference; explicitFileType = wrapper.application; includeInIndex = 0; path = LayoutFixer.app; sourceTree = BUILT_PRODUCTS_DIR; };
		8CD5CAFD282B4D50F51DBCDD /* AXTextWriter.swift */ = {isa = PBXFileReference; lastKnownFileType = sourcecode.swift; path = AXTextWriter.swift; sourceTree = "<group>"; };
		920EF1C86216D2FB00A0E57E /* LayoutFixerApp.swift */ = {isa = PBXFileReference; lastKnownFileType = sourcecode.swift; path = LayoutFixerApp.swift; sourceTree = "<group>"; };
		B4B4360952911A7437015EB8 /* AXTextReader.swift */ = {isa = PBXFileReference; lastKnownFileType = sourcecode.swift; path = AXTextReader.swift; sourceTree = "<group>"; };
		B9C1E69B24F74B2AE953475F /* SoundPlayer.swift */ = {isa = PBXFileReference; lastKnownFileType = sourcecode.swift; path = SoundPlayer.swift; sourceTree = "<group>"; };
		CC3F18C84E3AE1496A90B7A5 /* DirectionDetectorTests.swift */ = {isa = PBXFileReference; lastKnownFileType = sourcecode.swift; path = DirectionDetectorTests.swift; sourceTree = "<group>"; };
		E7C759F5F89D68049AEF7E34 /* AXPermissionManager.swift */ = {isa = PBXFileReference; lastKnownFileType = sourcecode.swift; path = AXPermissionManager.swift; sourceTree = "<group>"; };
		E90BA3406AC9B677B93A4766 /* AppDelegate.swift */ = {isa = PBXFileReference; lastKnownFileType = sourcecode.swift; path = AppDelegate.swift; sourceTree = "<group>"; };
		F2B3B4A18285DCF998AA5A60 /* LayoutFixerTests.xctest */ = {isa = PBXFileReference; explicitFileType = wrapper.cfbundle; includeInIndex = 0; path = LayoutFixerTests.xctest; sourceTree = BUILT_PRODUCTS_DIR; };
		F9E2F4288A0BC13021B79F52 /* SettingsView.swift */ = {isa = PBXFileReference; lastKnownFileType = sourcecode.swift; path = SettingsView.swift; sourceTree = "<group>"; };
		FD38543F5EA00614507E4137 /* HotkeyRecorder.swift */ = {isa = PBXFileReference; lastKnownFileType = sourcecode.swift; path = HotkeyRecorder.swift; sourceTree = "<group>"; };
/* End PBXFileReference section */

/* Begin PBXGroup section */
		051B61B69A3613A87C84EA1D /* Audio */ = {
			isa = PBXGroup;
			children = (
				B9C1E69B24F74B2AE953475F /* SoundPlayer.swift */,
			);
			path = Audio;
			sourceTree = "<group>";
		};
		0BE865D431E4BF69E14929C4 /* LayoutFixerTests */ = {
			isa = PBXGroup;
			children = (
				CC3F18C84E3AE1496A90B7A5 /* DirectionDetectorTests.swift */,
				49682B2DC60CE250B21DFD5B /* HotkeyDefinitionTests.swift */,
				5492F0B306F6B43E82B1E521 /* LayoutConverterTests.swift */,
				4815D00182447F2035A095B2 /* LayoutMappingTests.swift */,
			);
			path = LayoutFixerTests;
			sourceTree = "<group>";
		};
		127FE4E0DFF179B924FA393B /* Settings */ = {
			isa = PBXGroup;
			children = (
				2D6302533C79461DD1CBA89B /* AppSettings.swift */,
				F9E2F4288A0BC13021B79F52 /* SettingsView.swift */,
			);
			path = Settings;
			sourceTree = "<group>";
		};
		17141B2FE16DB76A00BBAF22 /* LayoutFixer */ = {
			isa = PBXGroup;
			children = (
				BECCEEB0C6B78573063877CF /* Accessibility */,
				2662FC71BC2E49836AD5228F /* App */,
				051B61B69A3613A87C84EA1D /* Audio */,
				595771261BC3EB862E529DE0 /* Clipboard */,
				FDA3EAEBD6DD032232053C31 /* Conversion */,
				54C671A95C4185B926EF1D3F /* Hotkey */,
				A6496028FDE1F6AB4905D549 /* Login */,
				30E00E5D5ADC60CD6B0A400D /* Menubar */,
				1AE547DE751402D17B1FC9A0 /* Orchestration */,
				AC8DA4F6111802180CA52D51 /* Resources */,
				127FE4E0DFF179B924FA393B /* Settings */,
			);
			path = LayoutFixer;
			sourceTree = "<group>";
		};
		1AE547DE751402D17B1FC9A0 /* Orchestration */ = {
			isa = PBXGroup;
			children = (
				466F4B2CA5594A42674E7B52 /* FixOrchestrator.swift */,
			);
			path = Orchestration;
			sourceTree = "<group>";
		};
		2662FC71BC2E49836AD5228F /* App */ = {
			isa = PBXGroup;
			children = (
				E90BA3406AC9B677B93A4766 /* AppDelegate.swift */,
				920EF1C86216D2FB00A0E57E /* LayoutFixerApp.swift */,
			);
			path = App;
			sourceTree = "<group>";
		};
		30E00E5D5ADC60CD6B0A400D /* Menubar */ = {
			isa = PBXGroup;
			children = (
				42B5B60177B7067F5D88B86D /* MenubarManager.swift */,
				18DA5476EB231FB21C6997D5 /* StatusIconAnimator.swift */,
			);
			path = Menubar;
			sourceTree = "<group>";
		};
		4666E132B9A7C1D8EA2638F2 = {
			isa = PBXGroup;
			children = (
				17141B2FE16DB76A00BBAF22 /* LayoutFixer */,
				0BE865D431E4BF69E14929C4 /* LayoutFixerTests */,
				4DEB6B096F49366CF2AE91B3 /* Products */,
			);
			sourceTree = "<group>";
		};
		4DEB6B096F49366CF2AE91B3 /* Products */ = {
			isa = PBXGroup;
			children = (
				8820A4332ADA1291516455D9 /* LayoutFixer.app */,
				F2B3B4A18285DCF998AA5A60 /* LayoutFixerTests.xctest */,
			);
			name = Products;
			sourceTree = "<group>";
		};
		54C671A95C4185B926EF1D3F /* Hotkey */ = {
			isa = PBXGroup;
			children = (
				7751818FB1FDFE43E8F748EC /* HotkeyDefinition.swift */,
				41AD727FBC2D14BC81C54854 /* HotkeyManager.swift */,
				FD38543F5EA00614507E4137 /* HotkeyRecorder.swift */,
			);
			path = Hotkey;
			sourceTree = "<group>";
		};
		595771261BC3EB862E529DE0 /* Clipboard */ = {
			isa = PBXGroup;
			children = (
				2A4DEA36631D5F265C46F4E0 /* ClipboardManager.swift */,
			);
			path = Clipboard;
			sourceTree = "<group>";
		};
		A6496028FDE1F6AB4905D549 /* Login */ = {
			isa = PBXGroup;
			children = (
				009E789DA0CC7ECA8069A5B7 /* LoginItemManager.swift */,
			);
			path = Login;
			sourceTree = "<group>";
		};
		AC8DA4F6111802180CA52D51 /* Resources */ = {
			isa = PBXGroup;
			children = (
				3F0D40BF3F43D57926A7446A /* Assets.xcassets */,
			);
			path = Resources;
			sourceTree = "<group>";
		};
		BECCEEB0C6B78573063877CF /* Accessibility */ = {
			isa = PBXGroup;
			children = (
				E7C759F5F89D68049AEF7E34 /* AXPermissionManager.swift */,
				B4B4360952911A7437015EB8 /* AXTextReader.swift */,
				8CD5CAFD282B4D50F51DBCDD /* AXTextWriter.swift */,
			);
			path = Accessibility;
			sourceTree = "<group>";
		};
		FDA3EAEBD6DD032232053C31 /* Conversion */ = {
			isa = PBXGroup;
			children = (
				2EE1DCD6716015B73C03DC4A /* DirectionDetector.swift */,
				75A8DB784D1FEF65002BCB6D /* LayoutConverter.swift */,
				378AE4784D2CFA3B5E212876 /* LayoutMapping.swift */,
			);
			path = Conversion;
			sourceTree = "<group>";
		};
/* End PBXGroup section */

/* Begin PBXNativeTarget section */
		2B4DB7CE96A83D85392EFD8A /* LayoutFixerTests */ = {
			isa = PBXNativeTarget;
			buildConfigurationList = 4BE1C2D8E6B58E9021222B69 /* Build configuration list for PBXNativeTarget "LayoutFixerTests" */;
			buildPhases = (
				05E22B7C0605E58061E4B628 /* Sources */,
			);
			buildRules = (
			);
			dependencies = (
			);
			name = LayoutFixerTests;
			packageProductDependencies = (
			);
			productName = LayoutFixerTests;
			productReference = F2B3B4A18285DCF998AA5A60 /* LayoutFixerTests.xctest */;
			productType = "com.apple.product-type.bundle.unit-test";
		};
		BA36FF16CBC5FB2077574209 /* LayoutFixer */ = {
			isa = PBXNativeTarget;
			buildConfigurationList = EECD79EA8FE7DBB4F94848E5 /* Build configuration list for PBXNativeTarget "LayoutFixer" */;
			buildPhases = (
				11A860491F373CC12B1F9218 /* Sources */,
				A747DD34C1CA07B46759FEE6 /* Resources */,
			);
			buildRules = (
			);
			dependencies = (
			);
			name = LayoutFixer;
			packageProductDependencies = (
			);
			productName = LayoutFixer;
			productReference = 8820A4332ADA1291516455D9 /* LayoutFixer.app */;
			productType = "com.apple.product-type.application";
		};
/* End PBXNativeTarget section */

/* Begin PBXProject section */
		9540E2ADDBD5D4DDD0CC964B /* Project object */ = {
			isa = PBXProject;
			attributes = {
				BuildIndependentTargetsInParallel = YES;
				LastUpgradeCheck = 1600;
				TargetAttributes = {
					2B4DB7CE96A83D85392EFD8A = {
						DevelopmentTeam = "";
						ProvisioningStyle = Automatic;
					};
					BA36FF16CBC5FB2077574209 = {
						DevelopmentTeam = "";
						ProvisioningStyle = Automatic;
					};
				};
			};
			buildConfigurationList = ED9F39F55D2DE5BCB8F93A14 /* Build configuration list for PBXProject "LayoutFixer" */;
			developmentRegion = en;
			hasScannedForEncodings = 0;
			knownRegions = (
				Base,
				en,
			);
			mainGroup = 4666E132B9A7C1D8EA2638F2;
			minimizedProjectReferenceProxies = 1;
			preferredProjectObjectVersion = 77;
			productRefGroup = 4DEB6B096F49366CF2AE91B3 /* Products */;
			projectDirPath = "";
			projectRoot = "";
			targets = (
				BA36FF16CBC5FB2077574209 /* LayoutFixer */,
				2B4DB7CE96A83D85392EFD8A /* LayoutFixerTests */,
			);
		};
/* End PBXProject section */

/* Begin PBXResourcesBuildPhase section */
		A747DD34C1CA07B46759FEE6 /* Resources */ = {
			isa = PBXResourcesBuildPhase;
			buildActionMask = 2147483647;
			files = (
				2434C3101985E2045AC03FAE /* Assets.xcassets in Resources */,
			);
			runOnlyForDeploymentPostprocessing = 0;
		};
/* End PBXResourcesBuildPhase section */

/* Begin PBXSourcesBuildPhase section */
		05E22B7C0605E58061E4B628 /* Sources */ = {
			isa = PBXSourcesBuildPhase;
			buildActionMask = 2147483647;
			files = (
				8C644036F266CF6A79BBE7DF /* DirectionDetector.swift in Sources */,
				A5C5E07FD4EA65496208A517 /* DirectionDetectorTests.swift in Sources */,
				5D962F839DBD7E8782677866 /* HotkeyDefinition.swift in Sources */,
				6AADDD62DBAB84AD6111A9E3 /* HotkeyDefinitionTests.swift in Sources */,
				BD04E29A8F139D62D634D105 /* LayoutConverter.swift in Sources */,
				5E3358C78A388E0C025C5932 /* LayoutConverterTests.swift in Sources */,
				90B59C3D26FFA29076F7C093 /* LayoutMapping.swift in Sources */,
				B9411FA41DCB43DD8208A4A9 /* LayoutMappingTests.swift in Sources */,
			);
			runOnlyForDeploymentPostprocessing = 0;
		};
		11A860491F373CC12B1F9218 /* Sources */ = {
			isa = PBXSourcesBuildPhase;
			buildActionMask = 2147483647;
			files = (
				17112D313DFED7F0947313D8 /* AXPermissionManager.swift in Sources */,
				DB7A6DD9946DA5DBF4883E38 /* AXTextReader.swift in Sources */,
				98875F4FF6BCB2C6D946A30F /* AXTextWriter.swift in Sources */,
				5D70401A20D8B73289DB6049 /* AppDelegate.swift in Sources */,
				04B9FCAB122DDAF33DA3E148 /* AppSettings.swift in Sources */,
				5DF5DDA5F2CB49739ACD89F0 /* ClipboardManager.swift in Sources */,
				8C105E76E6CD0624D2F35D1B /* DirectionDetector.swift in Sources */,
				40F2698E91A2C23729E597B7 /* FixOrchestrator.swift in Sources */,
				5A5E3E0DC77AF08D7535E5C6 /* HotkeyDefinition.swift in Sources */,
				057BBDA337F738B109F4DAA1 /* HotkeyManager.swift in Sources */,
				B4C5D283956BA0B4948B8E6B /* HotkeyRecorder.swift in Sources */,
				CFFD2E89E5440BF68A058688 /* LayoutConverter.swift in Sources */,
				0F7E664CF857C706119153BA /* LayoutFixerApp.swift in Sources */,
				6BE4E05CC5D08BBB661D79E1 /* LayoutMapping.swift in Sources */,
				4A32B4DEECAF7A7B35EA219F /* LoginItemManager.swift in Sources */,
				B278541C3E4AD90130B9F69F /* MenubarManager.swift in Sources */,
				A52E59ABC3D5A8D896268981 /* SettingsView.swift in Sources */,
				AFDD7FADC4295C43E1F4FF8B /* SoundPlayer.swift in Sources */,
				60F1060278C363B63E61EAEA /* StatusIconAnimator.swift in Sources */,
			);
			runOnlyForDeploymentPostprocessing = 0;
		};
/* End PBXSourcesBuildPhase section */

/* Begin XCBuildConfiguration section */
		4EDB75C25D85169C7F09EB44 /* Debug */ = {
			isa = XCBuildConfiguration;
			buildSettings = {
				ALWAYS_SEARCH_USER_PATHS = NO;
				CLANG_ANALYZER_NONNULL = YES;
				CLANG_ANALYZER_NUMBER_OBJECT_CONVERSION = YES_AGGRESSIVE;
				CLANG_CXX_LANGUAGE_STANDARD = "gnu++14";
				CLANG_CXX_LIBRARY = "libc++";
				CLANG_ENABLE_MODULES = YES;
				CLANG_ENABLE_OBJC_ARC = YES;
				CLANG_ENABLE_OBJC_WEAK = YES;
				CLANG_WARN_BLOCK_CAPTURE_AUTORELEASING = YES;
				CLANG_WARN_BOOL_CONVERSION = YES;
				CLANG_WARN_COMMA = YES;
				CLANG_WARN_CONSTANT_CONVERSION = YES;
				CLANG_WARN_DEPRECATED_OBJC_IMPLEMENTATIONS = YES;
				CLANG_WARN_DIRECT_OBJC_ISA_USAGE = YES_ERROR;
				CLANG_WARN_DOCUMENTATION_COMMENTS = YES;
				CLANG_WARN_EMPTY_BODY = YES;
				CLANG_WARN_ENUM_CONVERSION = YES;
				CLANG_WARN_INFINITE_RECURSION = YES;
				CLANG_WARN_INT_CONVERSION = YES;
				CLANG_WARN_NON_LITERAL_NULL_CONVERSION = YES;
				CLANG_WARN_OBJC_IMPLICIT_RETAIN_SELF = YES;
				CLANG_WARN_OBJC_LITERAL_CONVERSION = YES;
				CLANG_WARN_OBJC_ROOT_CLASS = YES_ERROR;
				CLANG_WARN_QUOTED_INCLUDE_IN_FRAMEWORK_HEADER = YES;
				CLANG_WARN_RANGE_LOOP_ANALYSIS = YES;
				CLANG_WARN_STRICT_PROTOTYPES = YES;
				CLANG_WARN_SUSPICIOUS_MOVE = YES;
				CLANG_WARN_UNGUARDED_AVAILABILITY = YES_AGGRESSIVE;
				CLANG_WARN_UNREACHABLE_CODE = YES;
				CLANG_WARN__DUPLICATE_METHOD_MATCH = YES;
				CODE_SIGN_STYLE = Automatic;
				COPY_PHASE_STRIP = NO;
				DEBUG_INFORMATION_FORMAT = dwarf;
				DEVELOPMENT_TEAM = "";
				ENABLE_STRICT_OBJC_MSGSEND = YES;
				ENABLE_TESTABILITY = YES;
				GCC_C_LANGUAGE_STANDARD = gnu11;
				GCC_DYNAMIC_NO_PIC = NO;
				GCC_NO_COMMON_BLOCKS = YES;
				GCC_OPTIMIZATION_LEVEL = 0;
				GCC_PREPROCESSOR_DEFINITIONS = (
					"$(inherited)",
					"DEBUG=1",
				);
				GCC_WARN_64_TO_32_BIT_CONVERSION = YES;
				GCC_WARN_ABOUT_RETURN_TYPE = YES_ERROR;
				GCC_WARN_UNDECLARED_SELECTOR = YES;
				GCC_WARN_UNINITIALIZED_AUTOS = YES_AGGRESSIVE;
				GCC_WARN_UNUSED_FUNCTION = YES;
				GCC_WARN_UNUSED_VARIABLE = YES;
				MACOSX_DEPLOYMENT_TARGET = 14.0;
				MTL_ENABLE_DEBUG_INFO = INCLUDE_SOURCE;
				MTL_FAST_MATH = YES;
				ONLY_ACTIVE_ARCH = YES;
				PRODUCT_NAME = "$(TARGET_NAME)";
				SDKROOT = macosx;
				SWIFT_ACTIVE_COMPILATION_CONDITIONS = DEBUG;
				SWIFT_OPTIMIZATION_LEVEL = "-Onone";
				SWIFT_VERSION = 5.1;
			};
			name = Debug;
		};
		525A16BAC5D59E895C52E5A0 /* Release */ = {
			isa = XCBuildConfiguration;
			buildSettings = {
				ASSETCATALOG_COMPILER_APPICON_NAME = AppIcon;
				CODE_SIGN_ENTITLEMENTS = LayoutFixer/Resources/LayoutFixer.entitlements;
				COMBINE_HIDPI_IMAGES = YES;
				ENABLE_APP_SANDBOX = NO;
				INFOPLIST_FILE = LayoutFixer/Resources/Info.plist;
				LD_RUNPATH_SEARCH_PATHS = (
					"$(inherited)",
					"@executable_path/../Frameworks",
				);
				MACOSX_DEPLOYMENT_TARGET = 14.0;
				PRODUCT_BUNDLE_IDENTIFIER = com.yourname.LayoutSwitcherCC;
				PRODUCT_NAME = LayoutSwitcher_CC;
				SDKROOT = macosx;
			};
			name = Release;
		};
		57927FF2B01DEA5B94ACAC44 /* Release */ = {
			isa = XCBuildConfiguration;
			buildSettings = {
				ALWAYS_SEARCH_USER_PATHS = NO;
				CLANG_ANALYZER_NONNULL = YES;
				CLANG_ANALYZER_NUMBER_OBJECT_CONVERSION = YES_AGGRESSIVE;
				CLANG_CXX_LANGUAGE_STANDARD = "gnu++14";
				CLANG_CXX_LIBRARY = "libc++";
				CLANG_ENABLE_MODULES = YES;
				CLANG_ENABLE_OBJC_ARC = YES;
				CLANG_ENABLE_OBJC_WEAK = YES;
				CLANG_WARN_BLOCK_CAPTURE_AUTORELEASING = YES;
				CLANG_WARN_BOOL_CONVERSION = YES;
				CLANG_WARN_COMMA = YES;
				CLANG_WARN_CONSTANT_CONVERSION = YES;
				CLANG_WARN_DEPRECATED_OBJC_IMPLEMENTATIONS = YES;
				CLANG_WARN_DIRECT_OBJC_ISA_USAGE = YES_ERROR;
				CLANG_WARN_DOCUMENTATION_COMMENTS = YES;
				CLANG_WARN_EMPTY_BODY = YES;
				CLANG_WARN_ENUM_CONVERSION = YES;
				CLANG_WARN_INFINITE_RECURSION = YES;
				CLANG_WARN_INT_CONVERSION = YES;
				CLANG_WARN_NON_LITERAL_NULL_CONVERSION = YES;
				CLANG_WARN_OBJC_IMPLICIT_RETAIN_SELF = YES;
				CLANG_WARN_OBJC_LITERAL_CONVERSION = YES;
				CLANG_WARN_OBJC_ROOT_CLASS = YES_ERROR;
				CLANG_WARN_QUOTED_INCLUDE_IN_FRAMEWORK_HEADER = YES;
				CLANG_WARN_RANGE_LOOP_ANALYSIS = YES;
				CLANG_WARN_STRICT_PROTOTYPES = YES;
				CLANG_WARN_SUSPICIOUS_MOVE = YES;
				CLANG_WARN_UNGUARDED_AVAILABILITY = YES_AGGRESSIVE;
				CLANG_WARN_UNREACHABLE_CODE = YES;
				CLANG_WARN__DUPLICATE_METHOD_MATCH = YES;
				CODE_SIGN_STYLE = Automatic;
				COPY_PHASE_STRIP = NO;
				DEBUG_INFORMATION_FORMAT = "dwarf-with-dsym";
				DEVELOPMENT_TEAM = "";
				ENABLE_NS_ASSERTIONS = NO;
				ENABLE_STRICT_OBJC_MSGSEND = YES;
				GCC_C_LANGUAGE_STANDARD = gnu11;
				GCC_NO_COMMON_BLOCKS = YES;
				GCC_WARN_64_TO_32_BIT_CONVERSION = YES;
				GCC_WARN_ABOUT_RETURN_TYPE = YES_ERROR;
				GCC_WARN_UNDECLARED_SELECTOR = YES;
				GCC_WARN_UNINITIALIZED_AUTOS = YES_AGGRESSIVE;
				GCC_WARN_UNUSED_FUNCTION = YES;
				GCC_WARN_UNUSED_VARIABLE = YES;
				MACOSX_DEPLOYMENT_TARGET = 14.0;
				MTL_ENABLE_DEBUG_INFO = NO;
				MTL_FAST_MATH = YES;
				PRODUCT_NAME = "$(TARGET_NAME)";
				SDKROOT = macosx;
				SWIFT_COMPILATION_MODE = wholemodule;
				SWIFT_OPTIMIZATION_LEVEL = "-O";
				SWIFT_VERSION = 5.1;
			};
			name = Release;
		};
		6DAB968D1BC202E870E5120C /* Debug */ = {
			isa = XCBuildConfiguration;
			buildSettings = {
				ASSETCATALOG_COMPILER_APPICON_NAME = AppIcon;
				CODE_SIGN_ENTITLEMENTS = LayoutFixer/Resources/LayoutFixer.entitlements;
				COMBINE_HIDPI_IMAGES = YES;
				ENABLE_APP_SANDBOX = NO;
				INFOPLIST_FILE = LayoutFixer/Resources/Info.plist;
				LD_RUNPATH_SEARCH_PATHS = (
					"$(inherited)",
					"@executable_path/../Frameworks",
				);
				MACOSX_DEPLOYMENT_TARGET = 14.0;
				PRODUCT_BUNDLE_IDENTIFIER = com.yourname.LayoutSwitcherCC;
				PRODUCT_NAME = LayoutSwitcher_CC;
				SDKROOT = macosx;
			};
			name = Debug;
		};
		9000B9D3B3D821A334457D6A /* Release */ = {
			isa = XCBuildConfiguration;
			buildSettings = {
				BUNDLE_LOADER = "$(TEST_HOST)";
				COMBINE_HIDPI_IMAGES = YES;
				GENERATE_INFOPLIST_FILE = YES;
				LD_RUNPATH_SEARCH_PATHS = (
					"$(inherited)",
					"@executable_path/../Frameworks",
					"@loader_path/../Frameworks",
				);
				MACOSX_DEPLOYMENT_TARGET = 14.0;
				PRODUCT_BUNDLE_IDENTIFIER = com.yourname.LayoutFixerTests;
				PRODUCT_MODULE_NAME = LayoutFixerTests;
				PRODUCT_NAME = LayoutFixerTests;
				SDKROOT = macosx;
				SWIFT_VERSION = 5.10;
			};
			name = Release;
		};
		B49BE0F8A2B86A086610A8A7 /* Debug */ = {
			isa = XCBuildConfiguration;
			buildSettings = {
				BUNDLE_LOADER = "$(TEST_HOST)";
				COMBINE_HIDPI_IMAGES = YES;
				GENERATE_INFOPLIST_FILE = YES;
				LD_RUNPATH_SEARCH_PATHS = (
					"$(inherited)",
					"@executable_path/../Frameworks",
					"@loader_path/../Frameworks",
				);
				MACOSX_DEPLOYMENT_TARGET = 14.0;
				PRODUCT_BUNDLE_IDENTIFIER = com.yourname.LayoutFixerTests;
				PRODUCT_MODULE_NAME = LayoutFixerTests;
				PRODUCT_NAME = LayoutFixerTests;
				SDKROOT = macosx;
				SWIFT_VERSION = 5.10;
			};
			name = Debug;
		};
/* End XCBuildConfiguration section */

/* Begin XCConfigurationList section */
		4BE1C2D8E6B58E9021222B69 /* Build configuration list for PBXNativeTarget "LayoutFixerTests" */ = {
			isa = XCConfigurationList;
			buildConfigurations = (
				B49BE0F8A2B86A086610A8A7 /* Debug */,
				9000B9D3B3D821A334457D6A /* Release */,
			);
			defaultConfigurationIsVisible = 0;
			defaultConfigurationName = Debug;
		};
		ED9F39F55D2DE5BCB8F93A14 /* Build configuration list for PBXProject "LayoutFixer" */ = {
			isa = XCConfigurationList;
			buildConfigurations = (
				4EDB75C25D85169C7F09EB44 /* Debug */,
				57927FF2B01DEA5B94ACAC44 /* Release */,
			);
			defaultConfigurationIsVisible = 0;
			defaultConfigurationName = Debug;
		};
		EECD79EA8FE7DBB4F94848E5 /* Build configuration list for PBXNativeTarget "LayoutFixer" */ = {
			isa = XCConfigurationList;
			buildConfigurations = (
				6DAB968D1BC202E870E5120C /* Debug */,
				525A16BAC5D59E895C52E5A0 /* Release */,
			);
			defaultConfigurationIsVisible = 0;
			defaultConfigurationName = Debug;
		};
/* End XCConfigurationList section */
	};
	rootObject = 9540E2ADDBD5D4DDD0CC964B /* Project object */;
}
